
Microsoft Visual Studio Solution File, Format Version 12.00
# Visual Studio Version 17
VisualStudioVersion = 17.3.32825.248
MinimumVisualStudioVersion = 10.0.40219.1
Project("{FAE04EC0-301F-11D3-BF4B-00C04F79EFBC}") = "ConsoleApp13", "ConsoleApp13\ConsoleApp13.csproj", "{B42AA778-95CE-48F6-93C7-3DF32779437A}"
EndProject
Global
	GlobalSection(SolutionConfigurationPlatforms) = preSolution
		Debug|Any CPU = Debug|Any CPU
		Release|Any CPU = Release|Any CPU
	EndGlobalSection
	GlobalSection(ProjectConfigurationPlatforms) = postSolution
		{B42AA778-95CE-48F6-93C7-3DF32779437A}.Debug|Any CPU.ActiveCfg = Debug|Any CPU
		{B42AA778-95CE-48F6-93C7-3DF32779437A}.Debug|Any CPU.Build.0 = Debug|Any CPU
		{B42AA778-95CE-48F6-93C7-3DF32779437A}.Release|Any CPU.ActiveCfg = Release|Any CPU
		{B42AA778-95CE-48F6-93C7-3DF32779437A}.Release|Any CPU.Build.0 = Release|Any CPU
	EndGlobalSection
	GlobalSection(SolutionProperties) = preSolution
		HideSolutionNode = FALSE
	EndGlobalSection
	GlobalSection(ExtensibilityGlobals) = postSolution
		SolutionGuid = {A2D4E402-7969-4DBD-BCF6-FFA5F1CEB37F}
	EndGlobalSection
EndGlobal
